// !$*UTF8*$!
{
	archiveVersion = 1;
	classes = {
	};
	objectVersion = 50;
	objects = {

/* Begin PBXBuildFile section */
		920796992265BE89003E64DD /* Config.plist in Resources */ = {isa = PBXBuildFile; fileRef = 920796982265BE89003E64DD /* Config.plist */; };
		9207969B2265BE93003E64DD /* SlackConfig.plist in Resources */ = {isa = PBXBuildFile; fileRef = 9207969A2265BE93003E64DD /* SlackConfig.plist */; };
		9207969D2265BEE6003E64DD /* Config.swift in Sources */ = {isa = PBXBuildFile; fileRef = 9207969C2265BEE6003E64DD /* Config.swift */; };
		9207969F2265BF26003E64DD /* SlackConfig.swift in Sources */ = {isa = PBXBuildFile; fileRef = 9207969E2265BF26003E64DD /* SlackConfig.swift */; };
		920796A32265C8FE003E64DD /* SwinjectResolver.swift in Sources */ = {isa = PBXBuildFile; fileRef = 920796A22265C8FE003E64DD /* SwinjectResolver.swift */; };
		920796A62265C9DA003E64DD /* ControllerAssembly.swift in Sources */ = {isa = PBXBuildFile; fileRef = 920796A52265C9DA003E64DD /* ControllerAssembly.swift */; };
		920796A82265C9E4003E64DD /* ServiceAssembly.swift in Sources */ = {isa = PBXBuildFile; fileRef = 920796A72265C9E4003E64DD /* ServiceAssembly.swift */; };
		920796AA2265C9F2003E64DD /* NetworkAssembly.swift in Sources */ = {isa = PBXBuildFile; fileRef = 920796A92265C9F2003E64DD /* NetworkAssembly.swift */; };
		920796B12265F53F003E64DD /* LoadingButton.swift in Sources */ = {isa = PBXBuildFile; fileRef = 920796B02265F53F003E64DD /* LoadingButton.swift */; };
		920796B322661F35003E64DD /* UIViewController+Toast.swift in Sources */ = {isa = PBXBuildFile; fileRef = 920796B222661F35003E64DD /* UIViewController+Toast.swift */; };
		920796B522661F40003E64DD /* PaddingLabel.swift in Sources */ = {isa = PBXBuildFile; fileRef = 920796B422661F40003E64DD /* PaddingLabel.swift */; };
		92BCDF0C22647F9C000F986B /* AppDelegate.swift in Sources */ = {isa = PBXBuildFile; fileRef = 92BCDF0B22647F9C000F986B /* AppDelegate.swift */; };
		92BCDF0E22647F9C000F986B /* SIgninViewController.swift in Sources */ = {isa = PBXBuildFile; fileRef = 92BCDF0D22647F9C000F986B /* SIgninViewController.swift */; };
		92BCDF1122647F9C000F986B /* Main.storyboard in Resources */ = {isa = PBXBuildFile; fileRef = 92BCDF0F22647F9C000F986B /* Main.storyboard */; };
		92BCDF1422647F9C000F986B /* ManualAwsSigningExample.xcdatamodeld in Sources */ = {isa = PBXBuildFile; fileRef = 92BCDF1222647F9C000F986B /* ManualAwsSigningExample.xcdatamodeld */; };
		92BCDF1622647F9C000F986B /* Assets.xcassets in Resources */ = {isa = PBXBuildFile; fileRef = 92BCDF1522647F9C000F986B /* Assets.xcassets */; };
		92BCDF1922647F9C000F986B /* LaunchScreen.storyboard in Resources */ = {isa = PBXBuildFile; fileRef = 92BCDF1722647F9C000F986B /* LaunchScreen.storyboard */; };
		92BCDF2422647F9C000F986B /* ManualAwsSigningExampleTests.swift in Sources */ = {isa = PBXBuildFile; fileRef = 92BCDF2322647F9C000F986B /* ManualAwsSigningExampleTests.swift */; };
		92BCDF2F22649A5E000F986B /* awsconfiguration.json in Resources */ = {isa = PBXBuildFile; fileRef = 92BCDF2E22649A5E000F986B /* awsconfiguration.json */; };
		92BCDF3422649EA7000F986B /* NetworkManager.swift in Sources */ = {isa = PBXBuildFile; fileRef = 92BCDF3322649EA7000F986B /* NetworkManager.swift */; };
		92BCDF3622649FC7000F986B /* NetworkSession.swift in Sources */ = {isa = PBXBuildFile; fileRef = 92BCDF3522649FC7000F986B /* NetworkSession.swift */; };
		92BCDF382264A074000F986B /* NetworkResponse.swift in Sources */ = {isa = PBXBuildFile; fileRef = 92BCDF372264A074000F986B /* NetworkResponse.swift */; };
		92BCDF3B2264A11C000F986B /* LocationEntry.swift in Sources */ = {isa = PBXBuildFile; fileRef = 92BCDF3A2264A11C000F986B /* LocationEntry.swift */; };
		92BCDF3D2264A25C000F986B /* NetworkManagerRequests.swift in Sources */ = {isa = PBXBuildFile; fileRef = 92BCDF3C2264A25C000F986B /* NetworkManagerRequests.swift */; };
		92BCDF3F2264A40F000F986B /* HTTP.swift in Sources */ = {isa = PBXBuildFile; fileRef = 92BCDF3E2264A40F000F986B /* HTTP.swift */; };
		92BCDF432264A8F4000F986B /* SlackAuthTokens.swift in Sources */ = {isa = PBXBuildFile; fileRef = 92BCDF422264A8F4000F986B /* SlackAuthTokens.swift */; };
		92BCDF452264A9BB000F986B /* CognitoAuthTokens.swift in Sources */ = {isa = PBXBuildFile; fileRef = 92BCDF442264A9BB000F986B /* CognitoAuthTokens.swift */; };
		92BCDF4B2264AC1E000F986B /* JSONDecoder+rootDecode.swift in Sources */ = {isa = PBXBuildFile; fileRef = 92BCDF4A2264AC1E000F986B /* JSONDecoder+rootDecode.swift */; };
		92BCDF4E2264AC50000F986B /* RootResponse.swift in Sources */ = {isa = PBXBuildFile; fileRef = 92BCDF4D2264AC50000F986B /* RootResponse.swift */; };
		92BCDF502264ACF2000F986B /* UserService.swift in Sources */ = {isa = PBXBuildFile; fileRef = 92BCDF4F2264ACF2000F986B /* UserService.swift */; };
		92BCDF532264AD6D000F986B /* UserDefaultsService.swift in Sources */ = {isa = PBXBuildFile; fileRef = 92BCDF522264AD6D000F986B /* UserDefaultsService.swift */; };
		92BCDF552264ADFE000F986B /* AwsCredentials.swift in Sources */ = {isa = PBXBuildFile; fileRef = 92BCDF542264ADFE000F986B /* AwsCredentials.swift */; };
		92BCDF572264BE62000F986B /* URL+QueryItems.swift in Sources */ = {isa = PBXBuildFile; fileRef = 92BCDF562264BE62000F986B /* URL+QueryItems.swift */; };
		92BCDF5A2264C670000F986B /* SigninViewController.xib in Resources */ = {isa = PBXBuildFile; fileRef = 92BCDF592264C670000F986B /* SigninViewController.xib */; };
		92BCDF5C2264D065000F986B /* UrlRequestSigner.swift in Sources */ = {isa = PBXBuildFile; fileRef = 92BCDF5B2264D065000F986B /* UrlRequestSigner.swift */; };
		92BCDF5E2264D083000F986B /* SignRequest.swift in Sources */ = {isa = PBXBuildFile; fileRef = 92BCDF5D2264D083000F986B /* SignRequest.swift */; };
		92BCDF602264D092000F986B /* SigningAdapter.swift in Sources */ = {isa = PBXBuildFile; fileRef = 92BCDF5F2264D092000F986B /* SigningAdapter.swift */; };
		92BCDF622264D1D7000F986B /* NetworkError.swift in Sources */ = {isa = PBXBuildFile; fileRef = 92BCDF612264D1D7000F986B /* NetworkError.swift */; };
		BF54F1914BAD7132AAFF4272 /* Pods_ManualAwsSigningExampleTests.framework in Frameworks */ = {isa = PBXBuildFile; fileRef = 1B354E85E3B13C97F1186405 /* Pods_ManualAwsSigningExampleTests.framework */; };
		BFC477F609C6D1BC8AE7F8E8 /* Pods_ManualAwsSigningExample.framework in Frameworks */ = {isa = PBXBuildFile; fileRef = B2DD29D1515E98922CC0D8D0 /* Pods_ManualAwsSigningExample.framework */; };
/* End PBXBuildFile section */

/* Begin PBXContainerItemProxy section */
		92BCDF2022647F9C000F986B /* PBXContainerItemProxy */ = {
			isa = PBXContainerItemProxy;
			containerPortal = 92BCDF0022647F9C000F986B /* Project object */;
			proxyType = 1;
			remoteGlobalIDString = 92BCDF0722647F9C000F986B;
			remoteInfo = ManualAwsSigningExample;
		};
/* End PBXContainerItemProxy section */

/* Begin PBXFileReference section */
		1B354E85E3B13C97F1186405 /* Pods_ManualAwsSigningExampleTests.framework */ = {isa = PBXFileReference; explicitFileType = wrapper.framework; includeInIndex = 0; path = Pods_ManualAwsSigningExampleTests.framework; sourceTree = BUILT_PRODUCTS_DIR; };
		920796982265BE89003E64DD /* Config.plist */ = {isa = PBXFileReference; lastKnownFileType = text.plist.xml; path = Config.plist; sourceTree = "<group>"; };
		9207969A2265BE93003E64DD /* SlackConfig.plist */ = {isa = PBXFileReference; lastKnownFileType = text.plist.xml; path = SlackConfig.plist; sourceTree = "<group>"; };
		9207969C2265BEE6003E64DD /* Config.swift */ = {isa = PBXFileReference; lastKnownFileType = sourcecode.swift; path = Config.swift; sourceTree = "<group>"; };
		9207969E2265BF26003E64DD /* SlackConfig.swift */ = {isa = PBXFileReference; lastKnownFileType = sourcecode.swift; path = SlackConfig.swift; sourceTree = "<group>"; };
		920796A22265C8FE003E64DD /* SwinjectResolver.swift */ = {isa = PBXFileReference; lastKnownFileType = sourcecode.swift; path = SwinjectResolver.swift; sourceTree = "<group>"; };
		920796A52265C9DA003E64DD /* ControllerAssembly.swift */ = {isa = PBXFileReference; lastKnownFileType = sourcecode.swift; path = ControllerAssembly.swift; sourceTree = "<group>"; };
		920796A72265C9E4003E64DD /* ServiceAssembly.swift */ = {isa = PBXFileReference; lastKnownFileType = sourcecode.swift; path = ServiceAssembly.swift; sourceTree = "<group>"; };
		920796A92265C9F2003E64DD /* NetworkAssembly.swift */ = {isa = PBXFileReference; lastKnownFileType = sourcecode.swift; path = NetworkAssembly.swift; sourceTree = "<group>"; };
		920796B02265F53F003E64DD /* LoadingButton.swift */ = {isa = PBXFileReference; lastKnownFileType = sourcecode.swift; path = LoadingButton.swift; sourceTree = "<group>"; };
		920796B222661F35003E64DD /* UIViewController+Toast.swift */ = {isa = PBXFileReference; lastKnownFileType = sourcecode.swift; path = "UIViewController+Toast.swift"; sourceTree = "<group>"; };
		920796B422661F40003E64DD /* PaddingLabel.swift */ = {isa = PBXFileReference; lastKnownFileType = sourcecode.swift; path = PaddingLabel.swift; sourceTree = "<group>"; };
		92BCDF0822647F9C000F986B /* ManualAwsSigningExample.app */ = {isa = PBXFileReference; explicitFileType = wrapper.application; includeInIndex = 0; path = ManualAwsSigningExample.app; sourceTree = BUILT_PRODUCTS_DIR; };
		92BCDF0B22647F9C000F986B /* AppDelegate.swift */ = {isa = PBXFileReference; lastKnownFileType = sourcecode.swift; path = AppDelegate.swift; sourceTree = "<group>"; };
		92BCDF0D22647F9C000F986B /* SIgninViewController.swift */ = {isa = PBXFileReference; lastKnownFileType = sourcecode.swift; path = SIgninViewController.swift; sourceTree = "<group>"; };
		92BCDF1022647F9C000F986B /* Base */ = {isa = PBXFileReference; lastKnownFileType = file.storyboard; name = Base; path = Base.lproj/Main.storyboard; sourceTree = "<group>"; };
		92BCDF1322647F9C000F986B /* ManualAwsSigningExample.xcdatamodel */ = {isa = PBXFileReference; lastKnownFileType = wrapper.xcdatamodel; path = ManualAwsSigningExample.xcdatamodel; sourceTree = "<group>"; };
		92BCDF1522647F9C000F986B /* Assets.xcassets */ = {isa = PBXFileReference; lastKnownFileType = folder.assetcatalog; path = Assets.xcassets; sourceTree = "<group>"; };
		92BCDF1822647F9C000F986B /* Base */ = {isa = PBXFileReference; lastKnownFileType = file.storyboard; name = Base; path = Base.lproj/LaunchScreen.storyboard; sourceTree = "<group>"; };
		92BCDF1A22647F9C000F986B /* Info.plist */ = {isa = PBXFileReference; lastKnownFileType = text.plist.xml; path = Info.plist; sourceTree = "<group>"; };
		92BCDF1F22647F9C000F986B /* ManualAwsSigningExampleTests.xctest */ = {isa = PBXFileReference; explicitFileType = wrapper.cfbundle; includeInIndex = 0; path = ManualAwsSigningExampleTests.xctest; sourceTree = BUILT_PRODUCTS_DIR; };
		92BCDF2322647F9C000F986B /* ManualAwsSigningExampleTests.swift */ = {isa = PBXFileReference; lastKnownFileType = sourcecode.swift; path = ManualAwsSigningExampleTests.swift; sourceTree = "<group>"; };
		92BCDF2522647F9C000F986B /* Info.plist */ = {isa = PBXFileReference; lastKnownFileType = text.plist.xml; path = Info.plist; sourceTree = "<group>"; };
		92BCDF2E22649A5E000F986B /* awsconfiguration.json */ = {isa = PBXFileReference; lastKnownFileType = text.json; path = awsconfiguration.json; sourceTree = "<group>"; };
		92BCDF3322649EA7000F986B /* NetworkManager.swift */ = {isa = PBXFileReference; lastKnownFileType = sourcecode.swift; path = NetworkManager.swift; sourceTree = "<group>"; };
		92BCDF3522649FC7000F986B /* NetworkSession.swift */ = {isa = PBXFileReference; lastKnownFileType = sourcecode.swift; path = NetworkSession.swift; sourceTree = "<group>"; };
		92BCDF372264A074000F986B /* NetworkResponse.swift */ = {isa = PBXFileReference; lastKnownFileType = sourcecode.swift; path = NetworkResponse.swift; sourceTree = "<group>"; };
		92BCDF3A2264A11C000F986B /* LocationEntry.swift */ = {isa = PBXFileReference; lastKnownFileType = sourcecode.swift; path = LocationEntry.swift; sourceTree = "<group>"; };
		92BCDF3C2264A25C000F986B /* NetworkManagerRequests.swift */ = {isa = PBXFileReference; lastKnownFileType = sourcecode.swift; path = NetworkManagerRequests.swift; sourceTree = "<group>"; };
		92BCDF3E2264A40F000F986B /* HTTP.swift */ = {isa = PBXFileReference; lastKnownFileType = sourcecode.swift; path = HTTP.swift; sourceTree = "<group>"; };
		92BCDF422264A8F4000F986B /* SlackAuthTokens.swift */ = {isa = PBXFileReference; lastKnownFileType = sourcecode.swift; path = SlackAuthTokens.swift; sourceTree = "<group>"; };
		92BCDF442264A9BB000F986B /* CognitoAuthTokens.swift */ = {isa = PBXFileReference; lastKnownFileType = sourcecode.swift; path = CognitoAuthTokens.swift; sourceTree = "<group>"; };
		92BCDF4A2264AC1E000F986B /* JSONDecoder+rootDecode.swift */ = {isa = PBXFileReference; lastKnownFileType = sourcecode.swift; path = "JSONDecoder+rootDecode.swift"; sourceTree = "<group>"; };
		92BCDF4D2264AC50000F986B /* RootResponse.swift */ = {isa = PBXFileReference; lastKnownFileType = sourcecode.swift; path = RootResponse.swift; sourceTree = "<group>"; };
		92BCDF4F2264ACF2000F986B /* UserService.swift */ = {isa = PBXFileReference; lastKnownFileType = sourcecode.swift; path = UserService.swift; sourceTree = "<group>"; };
		92BCDF522264AD6D000F986B /* UserDefaultsService.swift */ = {isa = PBXFileReference; lastKnownFileType = sourcecode.swift; path = UserDefaultsService.swift; sourceTree = "<group>"; };
		92BCDF542264ADFE000F986B /* AwsCredentials.swift */ = {isa = PBXFileReference; lastKnownFileType = sourcecode.swift; path = AwsCredentials.swift; sourceTree = "<group>"; };
		92BCDF562264BE62000F986B /* URL+QueryItems.swift */ = {isa = PBXFileReference; lastKnownFileType = sourcecode.swift; path = "URL+QueryItems.swift"; sourceTree = "<group>"; };
		92BCDF592264C670000F986B /* SigninViewController.xib */ = {isa = PBXFileReference; lastKnownFileType = file.xib; path = SigninViewController.xib; sourceTree = "<group>"; };
		92BCDF5B2264D065000F986B /* UrlRequestSigner.swift */ = {isa = PBXFileReference; lastKnownFileType = sourcecode.swift; path = UrlRequestSigner.swift; sourceTree = "<group>"; };
		92BCDF5D2264D083000F986B /* SignRequest.swift */ = {isa = PBXFileReference; lastKnownFileType = sourcecode.swift; path = SignRequest.swift; sourceTree = "<group>"; };
		92BCDF5F2264D092000F986B /* SigningAdapter.swift */ = {isa = PBXFileReference; lastKnownFileType = sourcecode.swift; path = SigningAdapter.swift; sourceTree = "<group>"; };
		92BCDF612264D1D7000F986B /* NetworkError.swift */ = {isa = PBXFileReference; lastKnownFileType = sourcecode.swift; path = NetworkError.swift; sourceTree = "<group>"; };
		A9DB5498449D02C0C11B5CA8 /* Pods-ManualAwsSigningExample.debug.xcconfig */ = {isa = PBXFileReference; includeInIndex = 1; lastKnownFileType = text.xcconfig; name = "Pods-ManualAwsSigningExample.debug.xcconfig"; path = "Pods/Target Support Files/Pods-ManualAwsSigningExample/Pods-ManualAwsSigningExample.debug.xcconfig"; sourceTree = "<group>"; };
		B2DD29D1515E98922CC0D8D0 /* Pods_ManualAwsSigningExample.framework */ = {isa = PBXFileReference; explicitFileType = wrapper.framework; includeInIndex = 0; path = Pods_ManualAwsSigningExample.framework; sourceTree = BUILT_PRODUCTS_DIR; };
		BF5E173789555B76A602F78A /* Pods-ManualAwsSigningExample.release.xcconfig */ = {isa = PBXFileReference; includeInIndex = 1; lastKnownFileType = text.xcconfig; name = "Pods-ManualAwsSigningExample.release.xcconfig"; path = "Pods/Target Support Files/Pods-ManualAwsSigningExample/Pods-ManualAwsSigningExample.release.xcconfig"; sourceTree = "<group>"; };
		CEC22D92C87381FFC2228A93 /* Pods-ManualAwsSigningExampleTests.release.xcconfig */ = {isa = PBXFileReference; includeInIndex = 1; lastKnownFileType = text.xcconfig; name = "Pods-ManualAwsSigningExampleTests.release.xcconfig"; path = "Pods/Target Support Files/Pods-ManualAwsSigningExampleTests/Pods-ManualAwsSigningExampleTests.release.xcconfig"; sourceTree = "<group>"; };
		F052515A67CA6A961D5414B2 /* Pods-ManualAwsSigningExampleTests.debug.xcconfig */ = {isa = PBXFileReference; includeInIndex = 1; lastKnownFileType = text.xcconfig; name = "Pods-ManualAwsSigningExampleTests.debug.xcconfig"; path = "Pods/Target Support Files/Pods-ManualAwsSigningExampleTests/Pods-ManualAwsSigningExampleTests.debug.xcconfig"; sourceTree = "<group>"; };
/* End PBXFileReference section */

/* Begin PBXFrameworksBuildPhase section */
		92BCDF0522647F9C000F986B /* Frameworks */ = {
			isa = PBXFrameworksBuildPhase;
			buildActionMask = 2147483647;
			files = (
				BFC477F609C6D1BC8AE7F8E8 /* Pods_ManualAwsSigningExample.framework in Frameworks */,
			);
			runOnlyForDeploymentPostprocessing = 0;
		};
		92BCDF1C22647F9C000F986B /* Frameworks */ = {
			isa = PBXFrameworksBuildPhase;
			buildActionMask = 2147483647;
			files = (
				BF54F1914BAD7132AAFF4272 /* Pods_ManualAwsSigningExampleTests.framework in Frameworks */,
			);
			runOnlyForDeploymentPostprocessing = 0;
		};
/* End PBXFrameworksBuildPhase section */

/* Begin PBXGroup section */
		00772846A32A61F4D055EE06 /* Frameworks */ = {
			isa = PBXGroup;
			children = (
				B2DD29D1515E98922CC0D8D0 /* Pods_ManualAwsSigningExample.framework */,
				1B354E85E3B13C97F1186405 /* Pods_ManualAwsSigningExampleTests.framework */,
			);
			name = Frameworks;
			sourceTree = "<group>";
		};
		920796972265BE73003E64DD /* Config */ = {
			isa = PBXGroup;
			children = (
				9207969C2265BEE6003E64DD /* Config.swift */,
				9207969E2265BF26003E64DD /* SlackConfig.swift */,
				920796A42265C902003E64DD /* ConfigFiles */,
				920796A02265C8E2003E64DD /* Swinject */,
			);
			path = Config;
			sourceTree = "<group>";
		};
		920796A02265C8E2003E64DD /* Swinject */ = {
			isa = PBXGroup;
			children = (
				920796A12265C8F0003E64DD /* Assemblies */,
				920796A22265C8FE003E64DD /* SwinjectResolver.swift */,
			);
			path = Swinject;
			sourceTree = "<group>";
		};
		920796A12265C8F0003E64DD /* Assemblies */ = {
			isa = PBXGroup;
			children = (
				920796A52265C9DA003E64DD /* ControllerAssembly.swift */,
				920796A72265C9E4003E64DD /* ServiceAssembly.swift */,
				920796A92265C9F2003E64DD /* NetworkAssembly.swift */,
			);
			path = Assemblies;
			sourceTree = "<group>";
		};
		920796A42265C902003E64DD /* ConfigFiles */ = {
			isa = PBXGroup;
			children = (
				920796982265BE89003E64DD /* Config.plist */,
				9207969A2265BE93003E64DD /* SlackConfig.plist */,
			);
			path = ConfigFiles;
			sourceTree = "<group>";
		};
		920796AB2265F509003E64DD /* Common */ = {
			isa = PBXGroup;
			children = (
				920796B02265F53F003E64DD /* LoadingButton.swift */,
			);
			path = Common;
			sourceTree = "<group>";
		};
		92BCDEFF22647F9C000F986B = {
			isa = PBXGroup;
			children = (
				92BCDF0A22647F9C000F986B /* ManualAwsSigningExample */,
				92BCDF2222647F9C000F986B /* ManualAwsSigningExampleTests */,
				92BCDF0922647F9C000F986B /* Products */,
				C862CB37F3CB4CD17B825B23 /* Pods */,
				00772846A32A61F4D055EE06 /* Frameworks */,
			);
			sourceTree = "<group>";
		};
		92BCDF0922647F9C000F986B /* Products */ = {
			isa = PBXGroup;
			children = (
				92BCDF0822647F9C000F986B /* ManualAwsSigningExample.app */,
				92BCDF1F22647F9C000F986B /* ManualAwsSigningExampleTests.xctest */,
			);
			name = Products;
			sourceTree = "<group>";
		};
		92BCDF0A22647F9C000F986B /* ManualAwsSigningExample */ = {
			isa = PBXGroup;
			children = (
				920796AB2265F509003E64DD /* Common */,
				920796972265BE73003E64DD /* Config */,
				92BCDF582264C63B000F986B /* Modules */,
				92BCDF512264AD46000F986B /* Services */,
				92BCDF492264AC00000F986B /* Extensions */,
				92BCDF482264AA35000F986B /* AwsSigning */,
				92BCDF3222649E9B000F986B /* Network */,
				92BCDF3122649DF3000F986B /* SupportingFiles */,
				92BCDF3022649DE9000F986B /* Resources */,
				92BCDF0B22647F9C000F986B /* AppDelegate.swift */,
				92BCDF1A22647F9C000F986B /* Info.plist */,
				92BCDF2E22649A5E000F986B /* awsconfiguration.json */,
			);
			path = ManualAwsSigningExample;
			sourceTree = "<group>";
		};
		92BCDF2222647F9C000F986B /* ManualAwsSigningExampleTests */ = {
			isa = PBXGroup;
			children = (
				92BCDF2322647F9C000F986B /* ManualAwsSigningExampleTests.swift */,
				92BCDF2522647F9C000F986B /* Info.plist */,
			);
			path = ManualAwsSigningExampleTests;
			sourceTree = "<group>";
		};
		92BCDF3022649DE9000F986B /* Resources */ = {
			isa = PBXGroup;
			children = (
				92BCDF1222647F9C000F986B /* ManualAwsSigningExample.xcdatamodeld */,
				92BCDF1522647F9C000F986B /* Assets.xcassets */,
			);
			path = Resources;
			sourceTree = "<group>";
		};
		92BCDF3122649DF3000F986B /* SupportingFiles */ = {
			isa = PBXGroup;
			children = (
				92BCDF1722647F9C000F986B /* LaunchScreen.storyboard */,
				92BCDF0F22647F9C000F986B /* Main.storyboard */,
			);
			path = SupportingFiles;
			sourceTree = "<group>";
		};
		92BCDF3222649E9B000F986B /* Network */ = {
			isa = PBXGroup;
			children = (
				92BCDF392264A0FE000F986B /* ResponseTypes */,
				92BCDF3322649EA7000F986B /* NetworkManager.swift */,
				92BCDF3522649FC7000F986B /* NetworkSession.swift */,
				92BCDF372264A074000F986B /* NetworkResponse.swift */,
				92BCDF3C2264A25C000F986B /* NetworkManagerRequests.swift */,
			);
			path = Network;
			sourceTree = "<group>";
		};
		92BCDF392264A0FE000F986B /* ResponseTypes */ = {
			isa = PBXGroup;
			children = (
				92BCDF3A2264A11C000F986B /* LocationEntry.swift */,
				92BCDF3E2264A40F000F986B /* HTTP.swift */,
				92BCDF422264A8F4000F986B /* SlackAuthTokens.swift */,
				92BCDF442264A9BB000F986B /* CognitoAuthTokens.swift */,
				92BCDF4D2264AC50000F986B /* RootResponse.swift */,
				92BCDF542264ADFE000F986B /* AwsCredentials.swift */,
			);
			path = ResponseTypes;
			sourceTree = "<group>";
		};
		92BCDF482264AA35000F986B /* AwsSigning */ = {
			isa = PBXGroup;
			children = (
				92BCDF5B2264D065000F986B /* UrlRequestSigner.swift */,
				92BCDF5D2264D083000F986B /* SignRequest.swift */,
				92BCDF5F2264D092000F986B /* SigningAdapter.swift */,
				92BCDF612264D1D7000F986B /* NetworkError.swift */,
			);
			path = AwsSigning;
			sourceTree = "<group>";
		};
		92BCDF492264AC00000F986B /* Extensions */ = {
			isa = PBXGroup;
			children = (
				92BCDF4A2264AC1E000F986B /* JSONDecoder+rootDecode.swift */,
				92BCDF562264BE62000F986B /* URL+QueryItems.swift */,
				920796B222661F35003E64DD /* UIViewController+Toast.swift */,
				920796B422661F40003E64DD /* PaddingLabel.swift */,
			);
			path = Extensions;
			sourceTree = "<group>";
		};
		92BCDF512264AD46000F986B /* Services */ = {
			isa = PBXGroup;
			children = (
				92BCDF4F2264ACF2000F986B /* UserService.swift */,
				92BCDF522264AD6D000F986B /* UserDefaultsService.swift */,
			);
			path = Services;
			sourceTree = "<group>";
		};
		92BCDF582264C63B000F986B /* Modules */ = {
			isa = PBXGroup;
			children = (
				92BCDF0D22647F9C000F986B /* SIgninViewController.swift */,
				92BCDF592264C670000F986B /* SigninViewController.xib */,
			);
			path = Modules;
			sourceTree = "<group>";
		};
		C862CB37F3CB4CD17B825B23 /* Pods */ = {
			isa = PBXGroup;
			children = (
				A9DB5498449D02C0C11B5CA8 /* Pods-ManualAwsSigningExample.debug.xcconfig */,
				BF5E173789555B76A602F78A /* Pods-ManualAwsSigningExample.release.xcconfig */,
				F052515A67CA6A961D5414B2 /* Pods-ManualAwsSigningExampleTests.debug.xcconfig */,
				CEC22D92C87381FFC2228A93 /* Pods-ManualAwsSigningExampleTests.release.xcconfig */,
			);
			name = Pods;
			sourceTree = "<group>";
		};
/* End PBXGroup section */

/* Begin PBXNativeTarget section */
		92BCDF0722647F9C000F986B /* ManualAwsSigningExample */ = {
			isa = PBXNativeTarget;
			buildConfigurationList = 92BCDF2822647F9C000F986B /* Build configuration list for PBXNativeTarget "ManualAwsSigningExample" */;
			buildPhases = (
				B08B1917BAC7182EA119EBE3 /* [CP] Check Pods Manifest.lock */,
				92BCDF0422647F9C000F986B /* Sources */,
				92BCDF0522647F9C000F986B /* Frameworks */,
				92BCDF0622647F9C000F986B /* Resources */,
				FD678F2E1A14BA8759BD6DB7 /* [CP] Embed Pods Frameworks */,
			);
			buildRules = (
			);
			dependencies = (
			);
			name = ManualAwsSigningExample;
			productName = ManualAwsSigningExample;
			productReference = 92BCDF0822647F9C000F986B /* ManualAwsSigningExample.app */;
			productType = "com.apple.product-type.application";
		};
		92BCDF1E22647F9C000F986B /* ManualAwsSigningExampleTests */ = {
			isa = PBXNativeTarget;
			buildConfigurationList = 92BCDF2B22647F9C000F986B /* Build configuration list for PBXNativeTarget "ManualAwsSigningExampleTests" */;
			buildPhases = (
				1386E283479DE9F2F589B54E /* [CP] Check Pods Manifest.lock */,
				92BCDF1B22647F9C000F986B /* Sources */,
				92BCDF1C22647F9C000F986B /* Frameworks */,
				92BCDF1D22647F9C000F986B /* Resources */,
			);
			buildRules = (
			);
			dependencies = (
				92BCDF2122647F9C000F986B /* PBXTargetDependency */,
			);
			name = ManualAwsSigningExampleTests;
			productName = ManualAwsSigningExampleTests;
			productReference = 92BCDF1F22647F9C000F986B /* ManualAwsSigningExampleTests.xctest */;
			productType = "com.apple.product-type.bundle.unit-test";
		};
/* End PBXNativeTarget section */

/* Begin PBXProject section */
		92BCDF0022647F9C000F986B /* Project object */ = {
			isa = PBXProject;
			attributes = {
				LastSwiftUpdateCheck = 1010;
				LastUpgradeCheck = 1010;
				ORGANIZATIONNAME = AppFoundry;
				TargetAttributes = {
					92BCDF0722647F9C000F986B = {
						CreatedOnToolsVersion = 10.1;
					};
					92BCDF1E22647F9C000F986B = {
						CreatedOnToolsVersion = 10.1;
						TestTargetID = 92BCDF0722647F9C000F986B;
					};
				};
			};
			buildConfigurationList = 92BCDF0322647F9C000F986B /* Build configuration list for PBXProject "ManualAwsSigningExample" */;
			compatibilityVersion = "Xcode 9.3";
			developmentRegion = en;
			hasScannedForEncodings = 0;
			knownRegions = (
				en,
				Base,
			);
			mainGroup = 92BCDEFF22647F9C000F986B;
			productRefGroup = 92BCDF0922647F9C000F986B /* Products */;
			projectDirPath = "";
			projectRoot = "";
			targets = (
				92BCDF0722647F9C000F986B /* ManualAwsSigningExample */,
				92BCDF1E22647F9C000F986B /* ManualAwsSigningExampleTests */,
			);
		};
/* End PBXProject section */

/* Begin PBXResourcesBuildPhase section */
		92BCDF0622647F9C000F986B /* Resources */ = {
			isa = PBXResourcesBuildPhase;
			buildActionMask = 2147483647;
			files = (
				92BCDF2F22649A5E000F986B /* awsconfiguration.json in Resources */,
				92BCDF5A2264C670000F986B /* SigninViewController.xib in Resources */,
				9207969B2265BE93003E64DD /* SlackConfig.plist in Resources */,
				92BCDF1922647F9C000F986B /* LaunchScreen.storyboard in Resources */,
				92BCDF1622647F9C000F986B /* Assets.xcassets in Resources */,
				920796992265BE89003E64DD /* Config.plist in Resources */,
				92BCDF1122647F9C000F986B /* Main.storyboard in Resources */,
			);
			runOnlyForDeploymentPostprocessing = 0;
		};
		92BCDF1D22647F9C000F986B /* Resources */ = {
			isa = PBXResourcesBuildPhase;
			buildActionMask = 2147483647;
			files = (
			);
			runOnlyForDeploymentPostprocessing = 0;
		};
/* End PBXResourcesBuildPhase section */

/* Begin PBXShellScriptBuildPhase section */
		1386E283479DE9F2F589B54E /* [CP] Check Pods Manifest.lock */ = {
			isa = PBXShellScriptBuildPhase;
			buildActionMask = 2147483647;
			files = (
			);
			inputFileListPaths = (
			);
			inputPaths = (
				"${PODS_PODFILE_DIR_PATH}/Podfile.lock",
				"${PODS_ROOT}/Manifest.lock",
			);
			name = "[CP] Check Pods Manifest.lock";
			outputFileListPaths = (
			);
			outputPaths = (
				"$(DERIVED_FILE_DIR)/Pods-ManualAwsSigningExampleTests-checkManifestLockResult.txt",
			);
			runOnlyForDeploymentPostprocessing = 0;
			shellPath = /bin/sh;
			shellScript = "diff \"${PODS_PODFILE_DIR_PATH}/Podfile.lock\" \"${PODS_ROOT}/Manifest.lock\" > /dev/null\nif [ $? != 0 ] ; then\n    # print error to STDERR\n    echo \"error: The sandbox is not in sync with the Podfile.lock. Run 'pod install' or update your CocoaPods installation.\" >&2\n    exit 1\nfi\n# This output is used by Xcode 'outputs' to avoid re-running this script phase.\necho \"SUCCESS\" > \"${SCRIPT_OUTPUT_FILE_0}\"\n";
			showEnvVarsInLog = 0;
		};
		B08B1917BAC7182EA119EBE3 /* [CP] Check Pods Manifest.lock */ = {
			isa = PBXShellScriptBuildPhase;
			buildActionMask = 2147483647;
			files = (
			);
			inputFileListPaths = (
			);
			inputPaths = (
				"${PODS_PODFILE_DIR_PATH}/Podfile.lock",
				"${PODS_ROOT}/Manifest.lock",
			);
			name = "[CP] Check Pods Manifest.lock";
			outputFileListPaths = (
			);
			outputPaths = (
				"$(DERIVED_FILE_DIR)/Pods-ManualAwsSigningExample-checkManifestLockResult.txt",
			);
			runOnlyForDeploymentPostprocessing = 0;
			shellPath = /bin/sh;
			shellScript = "diff \"${PODS_PODFILE_DIR_PATH}/Podfile.lock\" \"${PODS_ROOT}/Manifest.lock\" > /dev/null\nif [ $? != 0 ] ; then\n    # print error to STDERR\n    echo \"error: The sandbox is not in sync with the Podfile.lock. Run 'pod install' or update your CocoaPods installation.\" >&2\n    exit 1\nfi\n# This output is used by Xcode 'outputs' to avoid re-running this script phase.\necho \"SUCCESS\" > \"${SCRIPT_OUTPUT_FILE_0}\"\n";
			showEnvVarsInLog = 0;
		};
		FD678F2E1A14BA8759BD6DB7 /* [CP] Embed Pods Frameworks */ = {
			isa = PBXShellScriptBuildPhase;
			buildActionMask = 2147483647;
			files = (
			);
			inputFileListPaths = (
			);
			inputPaths = (
				"${SRCROOT}/Pods/Target Support Files/Pods-ManualAwsSigningExample/Pods-ManualAwsSigningExample-frameworks.sh",
				"${BUILT_PRODUCTS_DIR}/AWSAuthCore/AWSAuthCore.framework",
				"${BUILT_PRODUCTS_DIR}/AWSCognitoIdentityProvider/AWSCognitoIdentityProvider.framework",
				"${BUILT_PRODUCTS_DIR}/AWSCognitoIdentityProviderASF/AWSCognitoIdentityProviderASF.framework",
				"${BUILT_PRODUCTS_DIR}/AWSCore/AWSCore.framework",
				"${BUILT_PRODUCTS_DIR}/AWSMobileClient/AWSMobileClient.framework",
				"${BUILT_PRODUCTS_DIR}/Alamofire/Alamofire.framework",
				"${BUILT_PRODUCTS_DIR}/CryptoSwift/CryptoSwift.framework",
				"${BUILT_PRODUCTS_DIR}/Direkt/Direkt.framework",
				"${BUILT_PRODUCTS_DIR}/RxCocoa/RxCocoa.framework",
				"${BUILT_PRODUCTS_DIR}/RxSwift/RxSwift.framework",
				"${BUILT_PRODUCTS_DIR}/Swinject/Swinject.framework",
			);
			name = "[CP] Embed Pods Frameworks";
			outputFileListPaths = (
			);
			outputPaths = (
				"${TARGET_BUILD_DIR}/${FRAMEWORKS_FOLDER_PATH}/AWSAuthCore.framework",
				"${TARGET_BUILD_DIR}/${FRAMEWORKS_FOLDER_PATH}/AWSCognitoIdentityProvider.framework",
				"${TARGET_BUILD_DIR}/${FRAMEWORKS_FOLDER_PATH}/AWSCognitoIdentityProviderASF.framework",
				"${TARGET_BUILD_DIR}/${FRAMEWORKS_FOLDER_PATH}/AWSCore.framework",
				"${TARGET_BUILD_DIR}/${FRAMEWORKS_FOLDER_PATH}/AWSMobileClient.framework",
				"${TARGET_BUILD_DIR}/${FRAMEWORKS_FOLDER_PATH}/Alamofire.framework",
				"${TARGET_BUILD_DIR}/${FRAMEWORKS_FOLDER_PATH}/CryptoSwift.framework",
				"${TARGET_BUILD_DIR}/${FRAMEWORKS_FOLDER_PATH}/Direkt.framework",
				"${TARGET_BUILD_DIR}/${FRAMEWORKS_FOLDER_PATH}/RxCocoa.framework",
				"${TARGET_BUILD_DIR}/${FRAMEWORKS_FOLDER_PATH}/RxSwift.framework",
				"${TARGET_BUILD_DIR}/${FRAMEWORKS_FOLDER_PATH}/Swinject.framework",
			);
			runOnlyForDeploymentPostprocessing = 0;
			shellPath = /bin/sh;
			shellScript = "\"${SRCROOT}/Pods/Target Support Files/Pods-ManualAwsSigningExample/Pods-ManualAwsSigningExample-frameworks.sh\"\n";
			showEnvVarsInLog = 0;
		};
/* End PBXShellScriptBuildPhase section */

/* Begin PBXSourcesBuildPhase section */
		92BCDF0422647F9C000F986B /* Sources */ = {
			isa = PBXSourcesBuildPhase;
			buildActionMask = 2147483647;
			files = (
				92BCDF552264ADFE000F986B /* AwsCredentials.swift in Sources */,
				920796A82265C9E4003E64DD /* ServiceAssembly.swift in Sources */,
				92BCDF5C2264D065000F986B /* UrlRequestSigner.swift in Sources */,
				92BCDF3F2264A40F000F986B /* HTTP.swift in Sources */,
				92BCDF3D2264A25C000F986B /* NetworkManagerRequests.swift in Sources */,
				92BCDF3422649EA7000F986B /* NetworkManager.swift in Sources */,
				920796B522661F40003E64DD /* PaddingLabel.swift in Sources */,
				92BCDF602264D092000F986B /* SigningAdapter.swift in Sources */,
				92BCDF3622649FC7000F986B /* NetworkSession.swift in Sources */,
				920796B12265F53F003E64DD /* LoadingButton.swift in Sources */,
				92BCDF622264D1D7000F986B /* NetworkError.swift in Sources */,
				920796A62265C9DA003E64DD /* ControllerAssembly.swift in Sources */,
				92BCDF502264ACF2000F986B /* UserService.swift in Sources */,
				92BCDF3B2264A11C000F986B /* LocationEntry.swift in Sources */,
				920796A32265C8FE003E64DD /* SwinjectResolver.swift in Sources */,
				92BCDF0E22647F9C000F986B /* SIgninViewController.swift in Sources */,
				92BCDF572264BE62000F986B /* URL+QueryItems.swift in Sources */,
				92BCDF452264A9BB000F986B /* CognitoAuthTokens.swift in Sources */,
				92BCDF0C22647F9C000F986B /* AppDelegate.swift in Sources */,
				92BCDF432264A8F4000F986B /* SlackAuthTokens.swift in Sources */,
				9207969F2265BF26003E64DD /* SlackConfig.swift in Sources */,
				920796B322661F35003E64DD /* UIViewController+Toast.swift in Sources */,
				92BCDF5E2264D083000F986B /* SignRequest.swift in Sources */,
				920796AA2265C9F2003E64DD /* NetworkAssembly.swift in Sources */,
				92BCDF1422647F9C000F986B /* ManualAwsSigningExample.xcdatamodeld in Sources */,
				9207969D2265BEE6003E64DD /* Config.swift in Sources */,
				92BCDF532264AD6D000F986B /* UserDefaultsService.swift in Sources */,
				92BCDF382264A074000F986B /* NetworkResponse.swift in Sources */,
				92BCDF4E2264AC50000F986B /* RootResponse.swift in Sources */,
				92BCDF4B2264AC1E000F986B /* JSONDecoder+rootDecode.swift in Sources */,
			);
			runOnlyForDeploymentPostprocessing = 0;
		};
		92BCDF1B22647F9C000F986B /* Sources */ = {
			isa = PBXSourcesBuildPhase;
			buildActionMask = 2147483647;
			files = (
				92BCDF2422647F9C000F986B /* ManualAwsSigningExampleTests.swift in Sources */,
			);
			runOnlyForDeploymentPostprocessing = 0;
		};
/* End PBXSourcesBuildPhase section */

/* Begin PBXTargetDependency section */
		92BCDF2122647F9C000F986B /* PBXTargetDependency */ = {
			isa = PBXTargetDependency;
			target = 92BCDF0722647F9C000F986B /* ManualAwsSigningExample */;
			targetProxy = 92BCDF2022647F9C000F986B /* PBXContainerItemProxy */;
		};
/* End PBXTargetDependency section */

/* Begin PBXVariantGroup section */
		92BCDF0F22647F9C000F986B /* Main.storyboard */ = {
			isa = PBXVariantGroup;
			children = (
				92BCDF1022647F9C000F986B /* Base */,
			);
			name = Main.storyboard;
			sourceTree = "<group>";
		};
		92BCDF1722647F9C000F986B /* LaunchScreen.storyboard */ = {
			isa = PBXVariantGroup;
			children = (
				92BCDF1822647F9C000F986B /* Base */,
			);
			name = LaunchScreen.storyboard;
			sourceTree = "<group>";
		};
/* End PBXVariantGroup section */

/* Begin XCBuildConfiguration section */
		92BCDF2622647F9C000F986B /* Debug */ = {
			isa = XCBuildConfiguration;
			buildSettings = {
				ALWAYS_SEARCH_USER_PATHS = NO;
				CLANG_ANALYZER_NONNULL = YES;
				CLANG_ANALYZER_NUMBER_OBJECT_CONVERSION = YES_AGGRESSIVE;
				CLANG_CXX_LANGUAGE_STANDARD = "gnu++14";
				CLANG_CXX_LIBRARY = "libc++";
				CLANG_ENABLE_MODULES = YES;
				CLANG_ENABLE_OBJC_ARC = YES;
				CLANG_ENABLE_OBJC_WEAK = YES;
				CLANG_WARN_BLOCK_CAPTURE_AUTORELEASING = YES;
				CLANG_WARN_BOOL_CONVERSION = YES;
				CLANG_WARN_COMMA = YES;
				CLANG_WARN_CONSTANT_CONVERSION = YES;
				CLANG_WARN_DEPRECATED_OBJC_IMPLEMENTATIONS = YES;
				CLANG_WARN_DIRECT_OBJC_ISA_USAGE = YES_ERROR;
				CLANG_WARN_DOCUMENTATION_COMMENTS = YES;
				CLANG_WARN_EMPTY_BODY = YES;
				CLANG_WARN_ENUM_CONVERSION = YES;
				CLANG_WARN_INFINITE_RECURSION = YES;
				CLANG_WARN_INT_CONVERSION = YES;
				CLANG_WARN_NON_LITERAL_NULL_CONVERSION = YES;
				CLANG_WARN_OBJC_IMPLICIT_RETAIN_SELF = YES;
				CLANG_WARN_OBJC_LITERAL_CONVERSION = YES;
				CLANG_WARN_OBJC_ROOT_CLASS = YES_ERROR;
				CLANG_WARN_RANGE_LOOP_ANALYSIS = YES;
				CLANG_WARN_STRICT_PROTOTYPES = YES;
				CLANG_WARN_SUSPICIOUS_MOVE = YES;
				CLANG_WARN_UNGUARDED_AVAILABILITY = YES_AGGRESSIVE;
				CLANG_WARN_UNREACHABLE_CODE = YES;
				CLANG_WARN__DUPLICATE_METHOD_MATCH = YES;
				CODE_SIGN_IDENTITY = "iPhone Developer";
				COPY_PHASE_STRIP = NO;
				DEBUG_INFORMATION_FORMAT = dwarf;
				ENABLE_STRICT_OBJC_MSGSEND = YES;
				ENABLE_TESTABILITY = YES;
				GCC_C_LANGUAGE_STANDARD = gnu11;
				GCC_DYNAMIC_NO_PIC = NO;
				GCC_NO_COMMON_BLOCKS = YES;
				GCC_OPTIMIZATION_LEVEL = 0;
				GCC_PREPROCESSOR_DEFINITIONS = (
					"DEBUG=1",
					"$(inherited)",
				);
				GCC_WARN_64_TO_32_BIT_CONVERSION = YES;
				GCC_WARN_ABOUT_RETURN_TYPE = YES_ERROR;
				GCC_WARN_UNDECLARED_SELECTOR = YES;
				GCC_WARN_UNINITIALIZED_AUTOS = YES_AGGRESSIVE;
				GCC_WARN_UNUSED_FUNCTION = YES;
				GCC_WARN_UNUSED_VARIABLE = YES;
				IPHONEOS_DEPLOYMENT_TARGET = 12.1;
				MTL_ENABLE_DEBUG_INFO = INCLUDE_SOURCE;
				MTL_FAST_MATH = YES;
				ONLY_ACTIVE_ARCH = YES;
				SDKROOT = iphoneos;
				SWIFT_ACTIVE_COMPILATION_CONDITIONS = DEBUG;
				SWIFT_OPTIMIZATION_LEVEL = "-Onone";
			};
			name = Debug;
		};
		92BCDF2722647F9C000F986B /* Release */ = {
			isa = XCBuildConfiguration;
			buildSettings = {
				ALWAYS_SEARCH_USER_PATHS = NO;
				CLANG_ANALYZER_NONNULL = YES;
				CLANG_ANALYZER_NUMBER_OBJECT_CONVERSION = YES_AGGRESSIVE;
				CLANG_CXX_LANGUAGE_STANDARD = "gnu++14";
				CLANG_CXX_LIBRARY = "libc++";
				CLANG_ENABLE_MODULES = YES;
				CLANG_ENABLE_OBJC_ARC = YES;
				CLANG_ENABLE_OBJC_WEAK = YES;
				CLANG_WARN_BLOCK_CAPTURE_AUTORELEASING = YES;
				CLANG_WARN_BOOL_CONVERSION = YES;
				CLANG_WARN_COMMA = YES;
				CLANG_WARN_CONSTANT_CONVERSION = YES;
				CLANG_WARN_DEPRECATED_OBJC_IMPLEMENTATIONS = YES;
				CLANG_WARN_DIRECT_OBJC_ISA_USAGE = YES_ERROR;
				CLANG_WARN_DOCUMENTATION_COMMENTS = YES;
				CLANG_WARN_EMPTY_BODY = YES;
				CLANG_WARN_ENUM_CONVERSION = YES;
				CLANG_WARN_INFINITE_RECURSION = YES;
				CLANG_WARN_INT_CONVERSION = YES;
				CLANG_WARN_NON_LITERAL_NULL_CONVERSION = YES;
				CLANG_WARN_OBJC_IMPLICIT_RETAIN_SELF = YES;
				CLANG_WARN_OBJC_LITERAL_CONVERSION = YES;
				CLANG_WARN_OBJC_ROOT_CLASS = YES_ERROR;
				CLANG_WARN_RANGE_LOOP_ANALYSIS = YES;
				CLANG_WARN_STRICT_PROTOTYPES = YES;
				CLANG_WARN_SUSPICIOUS_MOVE = YES;
				CLANG_WARN_UNGUARDED_AVAILABILITY = YES_AGGRESSIVE;
				CLANG_WARN_UNREACHABLE_CODE = YES;
				CLANG_WARN__DUPLICATE_METHOD_MATCH = YES;
				CODE_SIGN_IDENTITY = "iPhone Developer";
				COPY_PHASE_STRIP = NO;
				DEBUG_INFORMATION_FORMAT = "dwarf-with-dsym";
				ENABLE_NS_ASSERTIONS = NO;
				ENABLE_STRICT_OBJC_MSGSEND = YES;
				GCC_C_LANGUAGE_STANDARD = gnu11;
				GCC_NO_COMMON_BLOCKS = YES;
				GCC_WARN_64_TO_32_BIT_CONVERSION = YES;
				GCC_WARN_ABOUT_RETURN_TYPE = YES_ERROR;
				GCC_WARN_UNDECLARED_SELECTOR = YES;
				GCC_WARN_UNINITIALIZED_AUTOS = YES_AGGRESSIVE;
				GCC_WARN_UNUSED_FUNCTION = YES;
				GCC_WARN_UNUSED_VARIABLE = YES;
				IPHONEOS_DEPLOYMENT_TARGET = 12.1;
				MTL_ENABLE_DEBUG_INFO = NO;
				MTL_FAST_MATH = YES;
				SDKROOT = iphoneos;
				SWIFT_COMPILATION_MODE = wholemodule;
				SWIFT_OPTIMIZATION_LEVEL = "-O";
				VALIDATE_PRODUCT = YES;
			};
			name = Release;
		};
		92BCDF2922647F9C000F986B /* Debug */ = {
			isa = XCBuildConfiguration;
			baseConfigurationReference = A9DB5498449D02C0C11B5CA8 /* Pods-ManualAwsSigningExample.debug.xcconfig */;
			buildSettings = {
				ASSETCATALOG_COMPILER_APPICON_NAME = AppIcon;
				CODE_SIGN_STYLE = Automatic;
				INFOPLIST_FILE = ManualAwsSigningExample/Info.plist;
				LD_RUNPATH_SEARCH_PATHS = (
					"$(inherited)",
					"@executable_path/Frameworks",
				);
				PRODUCT_BUNDLE_IDENTIFIER = be.appfoundry.ManualAwsSigningExample;
				PRODUCT_NAME = "$(TARGET_NAME)";
				SWIFT_VERSION = 4.2;
				TARGETED_DEVICE_FAMILY = 1;
			};
			name = Debug;
		};
		92BCDF2A22647F9C000F986B /* Release */ = {
			isa = XCBuildConfiguration;
			baseConfigurationReference = BF5E173789555B76A602F78A /* Pods-ManualAwsSigningExample.release.xcconfig */;
			buildSettings = {
				ASSETCATALOG_COMPILER_APPICON_NAME = AppIcon;
				CODE_SIGN_STYLE = Automatic;
				INFOPLIST_FILE = ManualAwsSigningExample/Info.plist;
				LD_RUNPATH_SEARCH_PATHS = (
					"$(inherited)",
					"@executable_path/Frameworks",
				);
				PRODUCT_BUNDLE_IDENTIFIER = be.appfoundry.ManualAwsSigningExample;
				PRODUCT_NAME = "$(TARGET_NAME)";
				SWIFT_VERSION = 4.2;
				TARGETED_DEVICE_FAMILY = 1;
			};
			name = Release;
		};
		92BCDF2C22647F9C000F986B /* Debug */ = {
			isa = XCBuildConfiguration;
			baseConfigurationReference = F052515A67CA6A961D5414B2 /* Pods-ManualAwsSigningExampleTests.debug.xcconfig */;
			buildSettings = {
				ALWAYS_EMBED_SWIFT_STANDARD_LIBRARIES = YES;
				BUNDLE_LOADER = "$(TEST_HOST)";
				CODE_SIGN_STYLE = Automatic;
				INFOPLIST_FILE = ManualAwsSigningExampleTests/Info.plist;
				LD_RUNPATH_SEARCH_PATHS = (
					"$(inherited)",
					"@executable_path/Frameworks",
					"@loader_path/Frameworks",
				);
				PRODUCT_BUNDLE_IDENTIFIER = be.appfoundry.ManualAwsSigningExampleTests;
				PRODUCT_NAME = "$(TARGET_NAME)";
				SWIFT_VERSION = 4.2;
				TARGETED_DEVICE_FAMILY = "1,2";
				TEST_HOST = "$(BUILT_PRODUCTS_DIR)/ManualAwsSigningExample.app/ManualAwsSigningExample";
			};
			name = Debug;
		};
		92BCDF2D22647F9C000F986B /* Release */ = {
			isa = XCBuildConfiguration;
			baseConfigurationReference = CEC22D92C87381FFC2228A93 /* Pods-ManualAwsSigningExampleTests.release.xcconfig */;
			buildSettings = {
				ALWAYS_EMBED_SWIFT_STANDARD_LIBRARIES = YES;
				BUNDLE_LOADER = "$(TEST_HOST)";
				CODE_SIGN_STYLE = Automatic;
				INFOPLIST_FILE = ManualAwsSigningExampleTests/Info.plist;
				LD_RUNPATH_SEARCH_PATHS = (
					"$(inherited)",
					"@executable_path/Frameworks",
					"@loader_path/Frameworks",
				);
				PRODUCT_BUNDLE_IDENTIFIER = be.appfoundry.ManualAwsSigningExampleTests;
				PRODUCT_NAME = "$(TARGET_NAME)";
				SWIFT_VERSION = 4.2;
				TARGETED_DEVICE_FAMILY = "1,2";
				TEST_HOST = "$(BUILT_PRODUCTS_DIR)/ManualAwsSigningExample.app/ManualAwsSigningExample";
			};
			name = Release;
		};
/* End XCBuildConfiguration section */

/* Begin XCConfigurationList section */
		92BCDF0322647F9C000F986B /* Build configuration list for PBXProject "ManualAwsSigningExample" */ = {
			isa = XCConfigurationList;
			buildConfigurations = (
				92BCDF2622647F9C000F986B /* Debug */,
				92BCDF2722647F9C000F986B /* Release */,
			);
			defaultConfigurationIsVisible = 0;
			defaultConfigurationName = Release;
		};
		92BCDF2822647F9C000F986B /* Build configuration list for PBXNativeTarget "ManualAwsSigningExample" */ = {
			isa = XCConfigurationList;
			buildConfigurations = (
				92BCDF2922647F9C000F986B /* Debug */,
				92BCDF2A22647F9C000F986B /* Release */,
			);
			defaultConfigurationIsVisible = 0;
			defaultConfigurationName = Release;
		};
		92BCDF2B22647F9C000F986B /* Build configuration list for PBXNativeTarget "ManualAwsSigningExampleTests" */ = {
			isa = XCConfigurationList;
			buildConfigurations = (
				92BCDF2C22647F9C000F986B /* Debug */,
				92BCDF2D22647F9C000F986B /* Release */,
			);
			defaultConfigurationIsVisible = 0;
			defaultConfigurationName = Release;
		};
/* End XCConfigurationList section */

/* Begin XCVersionGroup section */
		92BCDF1222647F9C000F986B /* ManualAwsSigningExample.xcdatamodeld */ = {
			isa = XCVersionGroup;
			children = (
				92BCDF1322647F9C000F986B /* ManualAwsSigningExample.xcdatamodel */,
			);
			currentVersion = 92BCDF1322647F9C000F986B /* ManualAwsSigningExample.xcdatamodel */;
			path = ManualAwsSigningExample.xcdatamodeld;
			sourceTree = "<group>";
			versionGroupType = wrapper.xcdatamodel;
		};
/* End XCVersionGroup section */
	};
	rootObject = 92BCDF0022647F9C000F986B /* Project object */;
}
